
Microsoft Visual Studio Solution File, Format Version 12.00
# Visual Studio Version 17
VisualStudioVersion = 17.9.34723.18
MinimumVisualStudioVersion = 10.0.40219.1
Project("{151D2E53-A2C4-4D7D-83FE-D05416EBD58E}") = "SBSEResearchProject", "SBSEResearchProject\SBSEResearchProject.deployproj", "{42E1B16A-CF0E-494D-A509-DF23D7EA9A70}"
EndProject
Project("{FAE04EC0-301F-11D3-BF4B-00C04F79EFBC}") = "GAAlogorithemForARMTemplate", "GAAlogorithemForARMTemplate\GAAlogorithemForARMTemplate.csproj", "{703ADDB4-B20B-4635-B7E4-C697C7EFE6B1}"
EndProject
Global
	GlobalSection(SolutionConfigurationPlatforms) = preSolution
		Debug|Any CPU = Debug|Any CPU
		Release|Any CPU = Release|Any CPU
	EndGlobalSection
	GlobalSection(ProjectConfigurationPlatforms) = postSolution
		{42E1B16A-CF0E-494D-A509-DF23D7EA9A70}.Debug|Any CPU.ActiveCfg = Debug|Any CPU
		{42E1B16A-CF0E-494D-A509-DF23D7EA9A70}.Debug|Any CPU.Build.0 = Debug|Any CPU
		{42E1B16A-CF0E-494D-A509-DF23D7EA9A70}.Release|Any CPU.ActiveCfg = Release|Any CPU
		{42E1B16A-CF0E-494D-A509-DF23D7EA9A70}.Release|Any CPU.Build.0 = Release|Any CPU
		{703ADDB4-B20B-4635-B7E4-C697C7EFE6B1}.Debug|Any CPU.ActiveCfg = Debug|Any CPU
		{703ADDB4-B20B-4635-B7E4-C697C7EFE6B1}.Debug|Any CPU.Build.0 = Debug|Any CPU
		{703ADDB4-B20B-4635-B7E4-C697C7EFE6B1}.Release|Any CPU.ActiveCfg = Release|Any CPU
		{703ADDB4-B20B-4635-B7E4-C697C7EFE6B1}.Release|Any CPU.Build.0 = Release|Any CPU
	EndGlobalSection
	GlobalSection(SolutionProperties) = preSolution
		HideSolutionNode = FALSE
	EndGlobalSection
	GlobalSection(ExtensibilityGlobals) = postSolution
		SolutionGuid = {15BC7EEB-0CC1-44BF-8C17-1B644BA8B4F9}
	EndGlobalSection
EndGlobal
